{
  "name": "web",
  "version": "1.0.0",
  "lockfileVersion": 3,
  "requires": true,
  "packages": {
    "": {
      "name": "web",
      "version": "1.0.0",
      "license": "ISC",
      "dependencies": {
        "smooth-scroll": "^16.1.3"
      }
    },
    "node_modules/smooth-scroll": {
      "version": "16.1.3",
      "resolved": "https://registry.npmjs.org/smooth-scroll/-/smooth-scroll-16.1.3.tgz",
      "integrity": "sha512-ca9U+neJS/cbdScTBuUTCZvUWNF2EuMCk7oAx3ImdeRK5FPm+xRo9XsVHIkeEVkn7MBRx+ufVEhyveM4ZhaTGA=="
    }
  }
}
